// !$*UTF8*$!
{
	archiveVersion = 1;
	classes = {
	};
	objectVersion = 77;
	objects = {

/* Begin PBXContainerItemProxy section */
		1EBF6B162D6D0B170092E435 /* PBXContainerItemProxy */ = {
			isa = PBXContainerItemProxy;
			containerPortal = 1EBF6AF42D6D0B150092E435 /* Project object */;
			proxyType = 1;
			remoteGlobalIDString = 1EBF6AFB2D6D0B150092E435;
			remoteInfo = "Calorie Crusher (Challenge 5 - MVP)";
		};
		1EBF6B202D6D0B170092E435 /* PBXContainerItemProxy */ = {
			isa = PBXContainerItemProxy;
			containerPortal = 1EBF6AF42D6D0B150092E435 /* Project object */;
			proxyType = 1;
			remoteGlobalIDString = 1EBF6AFB2D6D0B150092E435;
			remoteInfo = "Calorie Crusher (Challenge 5 - MVP)";
		};
/* End PBXContainerItemProxy section */

/* Begin PBXFileReference section */
		1EBF6AFC2D6D0B150092E435 /* Calorie Crusher (Challenge 5 - MVP).app */ = {isa = PBXFileReference; explicitFileType = wrapper.application; includeInIndex = 0; path = "Calorie Crusher (Challenge 5 - MVP).app"; sourceTree = BUILT_PRODUCTS_DIR; };
		1EBF6B152D6D0B170092E435 /* Calorie Crusher (Challenge 5 - MVP)Tests.xctest */ = {isa = PBXFileReference; explicitFileType = wrapper.cfbundle; includeInIndex = 0; path = "Calorie Crusher (Challenge 5 - MVP)Tests.xctest"; sourceTree = BUILT_PRODUCTS_DIR; };
		1EBF6B1F2D6D0B170092E435 /* Calorie Crusher (Challenge 5 - MVP)UITests.xctest */ = {isa = PBXFileReference; explicitFileType = wrapper.cfbundle; includeInIndex = 0; path = "Calorie Crusher (Challenge 5 - MVP)UITests.xctest"; sourceTree = BUILT_PRODUCTS_DIR; };
/* End PBXFileReference section */

/* Begin PBXFileSystemSynchronizedRootGroup section */
		1EBF6AFE2D6D0B150092E435 /* Calorie Crusher (Challenge 5 - MVP) */ = {
			isa = PBXFileSystemSynchronizedRootGroup;
			path = "Calorie Crusher (Challenge 5 - MVP)";
			sourceTree = "<group>";
		};
		1EBF6B182D6D0B170092E435 /* Calorie Crusher (Challenge 5 - MVP)Tests */ = {
			isa = PBXFileSystemSynchronizedRootGroup;
			path = "Calorie Crusher (Challenge 5 - MVP)Tests";
			sourceTree = "<group>";
		};
		1EBF6B222D6D0B170092E435 /* Calorie Crusher (Challenge 5 - MVP)UITests */ = {
			isa = PBXFileSystemSynchronizedRootGroup;
			path = "Calorie Crusher (Challenge 5 - MVP)UITests";
			sourceTree = "<group>";
		};
/* End PBXFileSystemSynchronizedRootGroup section */

/* Begin PBXFrameworksBuildPhase section */
		1EBF6AF92D6D0B150092E435 /* Frameworks */ = {
			isa = PBXFrameworksBuildPhase;
			buildActionMask = 2147483647;
			files = (
			);
			runOnlyForDeploymentPostprocessing = 0;
		};
		1EBF6B122D6D0B170092E435 /* Frameworks */ = {
			isa = PBXFrameworksBuildPhase;
			buildActionMask = 2147483647;
			files = (
			);
			runOnlyForDeploymentPostprocessing = 0;
		};
		1EBF6B1C2D6D0B170092E435 /* Frameworks */ = {
			isa = PBXFrameworksBuildPhase;
			buildActionMask = 2147483647;
			files = (
			);
			runOnlyForDeploymentPostprocessing = 0;
		};
/* End PBXFrameworksBuildPhase section */

/* Begin PBXGroup section */
		1EBF6AF32D6D0B150092E435 = {
			isa = PBXGroup;
			children = (
				1EBF6AFE2D6D0B150092E435 /* Calorie Crusher (Challenge 5 - MVP) */,
				1EBF6B182D6D0B170092E435 /* Calorie Crusher (Challenge 5 - MVP)Tests */,
				1EBF6B222D6D0B170092E435 /* Calorie Crusher (Challenge 5 - MVP)UITests */,
				1EBF6AFD2D6D0B150092E435 /* Products */,
			);
			sourceTree = "<group>";
		};
		1EBF6AFD2D6D0B150092E435 /* Products */ = {
			isa = PBXGroup;
			children = (
				1EBF6AFC2D6D0B150092E435 /* Calorie Crusher (Challenge 5 - MVP).app */,
				1EBF6B152D6D0B170092E435 /* Calorie Crusher (Challenge 5 - MVP)Tests.xctest */,
				1EBF6B1F2D6D0B170092E435 /* Calorie Crusher (Challenge 5 - MVP)UITests.xctest */,
			);
			name = Products;
			sourceTree = "<group>";
		};
/* End PBXGroup section */

/* Begin PBXNativeTarget section */
		1EBF6AFB2D6D0B150092E435 /* Calorie Crusher (Challenge 5 - MVP) */ = {
			isa = PBXNativeTarget;
			buildConfigurationList = 1EBF6B292D6D0B170092E435 /* Build configuration list for PBXNativeTarget "Calorie Crusher (Challenge 5 - MVP)" */;
			buildPhases = (
				1EBF6AF82D6D0B150092E435 /* Sources */,
				1EBF6AF92D6D0B150092E435 /* Frameworks */,
				1EBF6AFA2D6D0B150092E435 /* Resources */,
			);
			buildRules = (
			);
			dependencies = (
			);
			fileSystemSynchronizedGroups = (
				1EBF6AFE2D6D0B150092E435 /* Calorie Crusher (Challenge 5 - MVP) */,
			);
			name = "Calorie Crusher (Challenge 5 - MVP)";
			packageProductDependencies = (
			);
			productName = "Calorie Crusher (Challenge 5 - MVP)";
			productReference = 1EBF6AFC2D6D0B150092E435 /* Calorie Crusher (Challenge 5 - MVP).app */;
			productType = "com.apple.product-type.application";
		};
		1EBF6B142D6D0B170092E435 /* Calorie Crusher (Challenge 5 - MVP)Tests */ = {
			isa = PBXNativeTarget;
			buildConfigurationList = 1EBF6B2C2D6D0B170092E435 /* Build configuration list for PBXNativeTarget "Calorie Crusher (Challenge 5 - MVP)Tests" */;
			buildPhases = (
				1EBF6B112D6D0B170092E435 /* Sources */,
				1EBF6B122D6D0B170092E435 /* Frameworks */,
				1EBF6B132D6D0B170092E435 /* Resources */,
			);
			buildRules = (
			);
			dependencies = (
				1EBF6B172D6D0B170092E435 /* PBXTargetDependency */,
			);
			fileSystemSynchronizedGroups = (
				1EBF6B182D6D0B170092E435 /* Calorie Crusher (Challenge 5 - MVP)Tests */,
			);
			name = "Calorie Crusher (Challenge 5 - MVP)Tests";
			packageProductDependencies = (
			);
			productName = "Calorie Crusher (Challenge 5 - MVP)Tests";
			productReference = 1EBF6B152D6D0B170092E435 /* Calorie Crusher (Challenge 5 - MVP)Tests.xctest */;
			productType = "com.apple.product-type.bundle.unit-test";
		};
		1EBF6B1E2D6D0B170092E435 /* Calorie Crusher (Challenge 5 - MVP)UITests */ = {
			isa = PBXNativeTarget;
			buildConfigurationList = 1EBF6B2F2D6D0B170092E435 /* Build configuration list for PBXNativeTarget "Calorie Crusher (Challenge 5 - MVP)UITests" */;
			buildPhases = (
				1EBF6B1B2D6D0B170092E435 /* Sources */,
				1EBF6B1C2D6D0B170092E435 /* Frameworks */,
				1EBF6B1D2D6D0B170092E435 /* Resources */,
			);
			buildRules = (
			);
			dependencies = (
				1EBF6B212D6D0B170092E435 /* PBXTargetDependency */,
			);
			fileSystemSynchronizedGroups = (
				1EBF6B222D6D0B170092E435 /* Calorie Crusher (Challenge 5 - MVP)UITests */,
			);
			name = "Calorie Crusher (Challenge 5 - MVP)UITests";
			packageProductDependencies = (
			);
			productName = "Calorie Crusher (Challenge 5 - MVP)UITests";
			productReference = 1EBF6B1F2D6D0B170092E435 /* Calorie Crusher (Challenge 5 - MVP)UITests.xctest */;
			productType = "com.apple.product-type.bundle.ui-testing";
		};
/* End PBXNativeTarget section */

/* Begin PBXProject section */
		1EBF6AF42D6D0B150092E435 /* Project object */ = {
			isa = PBXProject;
			attributes = {
				BuildIndependentTargetsInParallel = 1;
				LastSwiftUpdateCheck = 1620;
				LastUpgradeCheck = 1620;
				TargetAttributes = {
					1EBF6AFB2D6D0B150092E435 = {
						CreatedOnToolsVersion = 16.2;
					};
					1EBF6B142D6D0B170092E435 = {
						CreatedOnToolsVersion = 16.2;
						TestTargetID = 1EBF6AFB2D6D0B150092E435;
					};
					1EBF6B1E2D6D0B170092E435 = {
						CreatedOnToolsVersion = 16.2;
						TestTargetID = 1EBF6AFB2D6D0B150092E435;
					};
				};
			};
			buildConfigurationList = 1EBF6AF72D6D0B150092E435 /* Build configuration list for PBXProject "Calorie Crusher (Challenge 5 - MVP)" */;
			developmentRegion = en;
			hasScannedForEncodings = 0;
			knownRegions = (
				en,
				Base,
			);
			mainGroup = 1EBF6AF32D6D0B150092E435;
			minimizedProjectReferenceProxies = 1;
			preferredProjectObjectVersion = 77;
			productRefGroup = 1EBF6AFD2D6D0B150092E435 /* Products */;
			projectDirPath = "";
			projectRoot = "";
			targets = (
				1EBF6AFB2D6D0B150092E435 /* Calorie Crusher (Challenge 5 - MVP) */,
				1EBF6B142D6D0B170092E435 /* Calorie Crusher (Challenge 5 - MVP)Tests */,
				1EBF6B1E2D6D0B170092E435 /* Calorie Crusher (Challenge 5 - MVP)UITests */,
			);
		};
/* End PBXProject section */

/* Begin PBXResourcesBuildPhase section */
		1EBF6AFA2D6D0B150092E435 /* Resources */ = {
			isa = PBXResourcesBuildPhase;
			buildActionMask = 2147483647;
			files = (
			);
			runOnlyForDeploymentPostprocessing = 0;
		};
		1EBF6B132D6D0B170092E435 /* Resources */ = {
			isa = PBXResourcesBuildPhase;
			buildActionMask = 2147483647;
			files = (
			);
			runOnlyForDeploymentPostprocessing = 0;
		};
		1EBF6B1D2D6D0B170092E435 /* Resources */ = {
			isa = PBXResourcesBuildPhase;
			buildActionMask = 2147483647;
			files = (
			);
			runOnlyForDeploymentPostprocessing = 0;
		};
/* End PBXResourcesBuildPhase section */

/* Begin PBXSourcesBuildPhase section */
		1EBF6AF82D6D0B150092E435 /* Sources */ = {
			isa = PBXSourcesBuildPhase;
			buildActionMask = 2147483647;
			files = (
			);
			runOnlyForDeploymentPostprocessing = 0;
		};
		1EBF6B112D6D0B170092E435 /* Sources */ = {
			isa = PBXSourcesBuildPhase;
			buildActionMask = 2147483647;
			files = (
			);
			runOnlyForDeploymentPostprocessing = 0;
		};
		1EBF6B1B2D6D0B170092E435 /* Sources */ = {
			isa = PBXSourcesBuildPhase;
			buildActionMask = 2147483647;
			files = (
			);
			runOnlyForDeploymentPostprocessing = 0;
		};
/* End PBXSourcesBuildPhase section */

/* Begin PBXTargetDependency section */
		1EBF6B172D6D0B170092E435 /* PBXTargetDependency */ = {
			isa = PBXTargetDependency;
			target = 1EBF6AFB2D6D0B150092E435 /* Calorie Crusher (Challenge 5 - MVP) */;
			targetProxy = 1EBF6B162D6D0B170092E435 /* PBXContainerItemProxy */;
		};
		1EBF6B212D6D0B170092E435 /* PBXTargetDependency */ = {
			isa = PBXTargetDependency;
			target = 1EBF6AFB2D6D0B150092E435 /* Calorie Crusher (Challenge 5 - MVP) */;
			targetProxy = 1EBF6B202D6D0B170092E435 /* PBXContainerItemProxy */;
		};
/* End PBXTargetDependency section */

/* Begin XCBuildConfiguration section */
		1EBF6B272D6D0B170092E435 /* Debug */ = {
			isa = XCBuildConfiguration;
			buildSettings = {
				ALWAYS_SEARCH_USER_PATHS = NO;
				ASSETCATALOG_COMPILER_GENERATE_SWIFT_ASSET_SYMBOL_EXTENSIONS = YES;
				CLANG_ANALYZER_NONNULL = YES;
				CLANG_ANALYZER_NUMBER_OBJECT_CONVERSION = YES_AGGRESSIVE;
				CLANG_CXX_LANGUAGE_STANDARD = "gnu++20";
				CLANG_ENABLE_MODULES = YES;
				CLANG_ENABLE_OBJC_ARC = YES;
				CLANG_ENABLE_OBJC_WEAK = YES;
				CLANG_WARN_BLOCK_CAPTURE_AUTORELEASING = YES;
				CLANG_WARN_BOOL_CONVERSION = YES;
				CLANG_WARN_COMMA = YES;
				CLANG_WARN_CONSTANT_CONVERSION = YES;
				CLANG_WARN_DEPRECATED_OBJC_IMPLEMENTATIONS = YES;
				CLANG_WARN_DIRECT_OBJC_ISA_USAGE = YES_ERROR;
				CLANG_WARN_DOCUMENTATION_COMMENTS = YES;
				CLANG_WARN_EMPTY_BODY = YES;
				CLANG_WARN_ENUM_CONVERSION = YES;
				CLANG_WARN_INFINITE_RECURSION = YES;
				CLANG_WARN_INT_CONVERSION = YES;
				CLANG_WARN_NON_LITERAL_NULL_CONVERSION = YES;
				CLANG_WARN_OBJC_IMPLICIT_RETAIN_SELF = YES;
				CLANG_WARN_OBJC_LITERAL_CONVERSION = YES;
				CLANG_WARN_OBJC_ROOT_CLASS = YES_ERROR;
				CLANG_WARN_QUOTED_INCLUDE_IN_FRAMEWORK_HEADER = YES;
				CLANG_WARN_RANGE_LOOP_ANALYSIS = YES;
				CLANG_WARN_STRICT_PROTOTYPES = YES;
				CLANG_WARN_SUSPICIOUS_MOVE = YES;
				CLANG_WARN_UNGUARDED_AVAILABILITY = YES_AGGRESSIVE;
				CLANG_WARN_UNREACHABLE_CODE = YES;
				CLANG_WARN__DUPLICATE_METHOD_MATCH = YES;
				COPY_PHASE_STRIP = NO;
				DEBUG_INFORMATION_FORMAT = dwarf;
				ENABLE_STRICT_OBJC_MSGSEND = YES;
				ENABLE_TESTABILITY = YES;
				ENABLE_USER_SCRIPT_SANDBOXING = YES;
				GCC_C_LANGUAGE_STANDARD = gnu17;
				GCC_DYNAMIC_NO_PIC = NO;
				GCC_NO_COMMON_BLOCKS = YES;
				GCC_OPTIMIZATION_LEVEL = 0;
				GCC_PREPROCESSOR_DEFINITIONS = (
					"DEBUG=1",
					"$(inherited)",
				);
				GCC_WARN_64_TO_32_BIT_CONVERSION = YES;
				GCC_WARN_ABOUT_RETURN_TYPE = YES_ERROR;
				GCC_WARN_UNDECLARED_SELECTOR = YES;
				GCC_WARN_UNINITIALIZED_AUTOS = YES_AGGRESSIVE;
				GCC_WARN_UNUSED_FUNCTION = YES;
				GCC_WARN_UNUSED_VARIABLE = YES;
				IPHONEOS_DEPLOYMENT_TARGET = 18.2;
				LOCALIZATION_PREFERS_STRING_CATALOGS = YES;
				MTL_ENABLE_DEBUG_INFO = INCLUDE_SOURCE;
				MTL_FAST_MATH = YES;
				ONLY_ACTIVE_ARCH = YES;
				SDKROOT = iphoneos;
				SWIFT_ACTIVE_COMPILATION_CONDITIONS = "DEBUG $(inherited)";
				SWIFT_OPTIMIZATION_LEVEL = "-Onone";
			};
			name = Debug;
		};
		1EBF6B282D6D0B170092E435 /* Release */ = {
			isa = XCBuildConfiguration;
			buildSettings = {
				ALWAYS_SEARCH_USER_PATHS = NO;
				ASSETCATALOG_COMPILER_GENERATE_SWIFT_ASSET_SYMBOL_EXTENSIONS = YES;
				CLANG_ANALYZER_NONNULL = YES;
				CLANG_ANALYZER_NUMBER_OBJECT_CONVERSION = YES_AGGRESSIVE;
				CLANG_CXX_LANGUAGE_STANDARD = "gnu++20";
				CLANG_ENABLE_MODULES = YES;
				CLANG_ENABLE_OBJC_ARC = YES;
				CLANG_ENABLE_OBJC_WEAK = YES;
				CLANG_WARN_BLOCK_CAPTURE_AUTORELEASING = YES;
				CLANG_WARN_BOOL_CONVERSION = YES;
				CLANG_WARN_COMMA = YES;
				CLANG_WARN_CONSTANT_CONVERSION = YES;
				CLANG_WARN_DEPRECATED_OBJC_IMPLEMENTATIONS = YES;
				CLANG_WARN_DIRECT_OBJC_ISA_USAGE = YES_ERROR;
				CLANG_WARN_DOCUMENTATION_COMMENTS = YES;
				CLANG_WARN_EMPTY_BODY = YES;
				CLANG_WARN_ENUM_CONVERSION = YES;
				CLANG_WARN_INFINITE_RECURSION = YES;
				CLANG_WARN_INT_CONVERSION = YES;
				CLANG_WARN_NON_LITERAL_NULL_CONVERSION = YES;
				CLANG_WARN_OBJC_IMPLICIT_RETAIN_SELF = YES;
				CLANG_WARN_OBJC_LITERAL_CONVERSION = YES;
				CLANG_WARN_OBJC_ROOT_CLASS = YES_ERROR;
				CLANG_WARN_QUOTED_INCLUDE_IN_FRAMEWORK_HEADER = YES;
				CLANG_WARN_RANGE_LOOP_ANALYSIS = YES;
				CLANG_WARN_STRICT_PROTOTYPES = YES;
				CLANG_WARN_SUSPICIOUS_MOVE = YES;
				CLANG_WARN_UNGUARDED_AVAILABILITY = YES_AGGRESSIVE;
				CLANG_WARN_UNREACHABLE_CODE = YES;
				CLANG_WARN__DUPLICATE_METHOD_MATCH = YES;
				COPY_PHASE_STRIP = NO;
				DEBUG_INFORMATION_FORMAT = "dwarf-with-dsym";
				ENABLE_NS_ASSERTIONS = NO;
				ENABLE_STRICT_OBJC_MSGSEND = YES;
				ENABLE_USER_SCRIPT_SANDBOXING = YES;
				GCC_C_LANGUAGE_STANDARD = gnu17;
				GCC_NO_COMMON_BLOCKS = YES;
				GCC_WARN_64_TO_32_BIT_CONVERSION = YES;
				GCC_WARN_ABOUT_RETURN_TYPE = YES_ERROR;
				GCC_WARN_UNDECLARED_SELECTOR = YES;
				GCC_WARN_UNINITIALIZED_AUTOS = YES_AGGRESSIVE;
				GCC_WARN_UNUSED_FUNCTION = YES;
				GCC_WARN_UNUSED_VARIABLE = YES;
				IPHONEOS_DEPLOYMENT_TARGET = 18.2;
				LOCALIZATION_PREFERS_STRING_CATALOGS = YES;
				MTL_ENABLE_DEBUG_INFO = NO;
				MTL_FAST_MATH = YES;
				SDKROOT = iphoneos;
				SWIFT_COMPILATION_MODE = wholemodule;
				VALIDATE_PRODUCT = YES;
			};
			name = Release;
		};
		1EBF6B2A2D6D0B170092E435 /* Debug */ = {
			isa = XCBuildConfiguration;
			buildSettings = {
				ASSETCATALOG_COMPILER_APPICON_NAME = AppIcon;
				ASSETCATALOG_COMPILER_GLOBAL_ACCENT_COLOR_NAME = AccentColor;
				CODE_SIGN_STYLE = Automatic;
				CURRENT_PROJECT_VERSION = 1;
				DEVELOPMENT_TEAM = 22PRLCDTWD;
				GENERATE_INFOPLIST_FILE = YES;
				INFOPLIST_KEY_UIApplicationSupportsIndirectInputEvents = YES;
				INFOPLIST_KEY_UILaunchStoryboardName = LaunchScreen;
				INFOPLIST_KEY_UIMainStoryboardFile = Main;
				INFOPLIST_KEY_UIStatusBarHidden = YES;
				INFOPLIST_KEY_UISupportedInterfaceOrientations_iPad = "UIInterfaceOrientationPortrait UIInterfaceOrientationPortraitUpsideDown UIInterfaceOrientationLandscapeLeft UIInterfaceOrientationLandscapeRight";
				INFOPLIST_KEY_UISupportedInterfaceOrientations_iPhone = "UIInterfaceOrientationPortrait UIInterfaceOrientationLandscapeLeft UIInterfaceOrientationLandscapeRight";
				LD_RUNPATH_SEARCH_PATHS = (
					"$(inherited)",
					"@executable_path/Frameworks",
				);
				MARKETING_VERSION = 1.0;
				PRODUCT_BUNDLE_IDENTIFIER = "name.davaughnwilliams.Calorie-Crusher--Challenge-5---MVP-";
				PRODUCT_NAME = "$(TARGET_NAME)";
				SWIFT_EMIT_LOC_STRINGS = YES;
				SWIFT_VERSION = 5.0;
				TARGETED_DEVICE_FAMILY = "1,2";
			};
			name = Debug;
		};
		1EBF6B2B2D6D0B170092E435 /* Release */ = {
			isa = XCBuildConfiguration;
			buildSettings = {
				ASSETCATALOG_COMPILER_APPICON_NAME = AppIcon;
				ASSETCATALOG_COMPILER_GLOBAL_ACCENT_COLOR_NAME = AccentColor;
				CODE_SIGN_STYLE = Automatic;
				CURRENT_PROJECT_VERSION = 1;
				DEVELOPMENT_TEAM = 22PRLCDTWD;
				GENERATE_INFOPLIST_FILE = YES;
				INFOPLIST_KEY_UIApplicationSupportsIndirectInputEvents = YES;
				INFOPLIST_KEY_UILaunchStoryboardName = LaunchScreen;
				INFOPLIST_KEY_UIMainStoryboardFile = Main;
				INFOPLIST_KEY_UIStatusBarHidden = YES;
				INFOPLIST_KEY_UISupportedInterfaceOrientations_iPad = "UIInterfaceOrientationPortrait UIInterfaceOrientationPortraitUpsideDown UIInterfaceOrientationLandscapeLeft UIInterfaceOrientationLandscapeRight";
				INFOPLIST_KEY_UISupportedInterfaceOrientations_iPhone = "UIInterfaceOrientationPortrait UIInterfaceOrientationLandscapeLeft UIInterfaceOrientationLandscapeRight";
				LD_RUNPATH_SEARCH_PATHS = (
					"$(inherited)",
					"@executable_path/Frameworks",
				);
				MARKETING_VERSION = 1.0;
				PRODUCT_BUNDLE_IDENTIFIER = "name.davaughnwilliams.Calorie-Crusher--Challenge-5---MVP-";
				PRODUCT_NAME = "$(TARGET_NAME)";
				SWIFT_EMIT_LOC_STRINGS = YES;
				SWIFT_VERSION = 5.0;
				TARGETED_DEVICE_FAMILY = "1,2";
			};
			name = Release;
		};
		1EBF6B2D2D6D0B170092E435 /* Debug */ = {
			isa = XCBuildConfiguration;
			buildSettings = {
				BUNDLE_LOADER = "$(TEST_HOST)";
				CODE_SIGN_STYLE = Automatic;
				CURRENT_PROJECT_VERSION = 1;
				DEVELOPMENT_TEAM = 22PRLCDTWD;
				GENERATE_INFOPLIST_FILE = YES;
				IPHONEOS_DEPLOYMENT_TARGET = 18.2;
				MARKETING_VERSION = 1.0;
				PRODUCT_BUNDLE_IDENTIFIER = "name.davaughnwilliams.Calorie-Crusher--Challenge-5---MVP-Tests";
				PRODUCT_NAME = "$(TARGET_NAME)";
				SWIFT_EMIT_LOC_STRINGS = NO;
				SWIFT_VERSION = 5.0;
				TARGETED_DEVICE_FAMILY = "1,2";
				TEST_HOST = "$(BUILT_PRODUCTS_DIR)/Calorie Crusher (Challenge 5 - MVP).app/$(BUNDLE_EXECUTABLE_FOLDER_PATH)/Calorie Crusher (Challenge 5 - MVP)";
			};
			name = Debug;
		};
		1EBF6B2E2D6D0B170092E435 /* Release */ = {
			isa = XCBuildConfiguration;
			buildSettings = {
				BUNDLE_LOADER = "$(TEST_HOST)";
				CODE_SIGN_STYLE = Automatic;
				CURRENT_PROJECT_VERSION = 1;
				DEVELOPMENT_TEAM = 22PRLCDTWD;
				GENERATE_INFOPLIST_FILE = YES;
				IPHONEOS_DEPLOYMENT_TARGET = 18.2;
				MARKETING_VERSION = 1.0;
				PRODUCT_BUNDLE_IDENTIFIER = "name.davaughnwilliams.Calorie-Crusher--Challenge-5---MVP-Tests";
				PRODUCT_NAME = "$(TARGET_NAME)";
				SWIFT_EMIT_LOC_STRINGS = NO;
				SWIFT_VERSION = 5.0;
				TARGETED_DEVICE_FAMILY = "1,2";
				TEST_HOST = "$(BUILT_PRODUCTS_DIR)/Calorie Crusher (Challenge 5 - MVP).app/$(BUNDLE_EXECUTABLE_FOLDER_PATH)/Calorie Crusher (Challenge 5 - MVP)";
			};
			name = Release;
		};
		1EBF6B302D6D0B170092E435 /* Debug */ = {
			isa = XCBuildConfiguration;
			buildSettings = {
				CODE_SIGN_STYLE = Automatic;
				CURRENT_PROJECT_VERSION = 1;
				DEVELOPMENT_TEAM = 22PRLCDTWD;
				GENERATE_INFOPLIST_FILE = YES;
				MARKETING_VERSION = 1.0;
				PRODUCT_BUNDLE_IDENTIFIER = "name.davaughnwilliams.Calorie-Crusher--Challenge-5---MVP-UITests";
				PRODUCT_NAME = "$(TARGET_NAME)";
				SWIFT_EMIT_LOC_STRINGS = NO;
				SWIFT_VERSION = 5.0;
				TARGETED_DEVICE_FAMILY = "1,2";
				TEST_TARGET_NAME = "Calorie Crusher (Challenge 5 - MVP)";
			};
			name = Debug;
		};
		1EBF6B312D6D0B170092E435 /* Release */ = {
			isa = XCBuildConfiguration;
			buildSettings = {
				CODE_SIGN_STYLE = Automatic;
				CURRENT_PROJECT_VERSION = 1;
				DEVELOPMENT_TEAM = 22PRLCDTWD;
				GENERATE_INFOPLIST_FILE = YES;
				MARKETING_VERSION = 1.0;
				PRODUCT_BUNDLE_IDENTIFIER = "name.davaughnwilliams.Calorie-Crusher--Challenge-5---MVP-UITests";
				PRODUCT_NAME = "$(TARGET_NAME)";
				SWIFT_EMIT_LOC_STRINGS = NO;
				SWIFT_VERSION = 5.0;
				TARGETED_DEVICE_FAMILY = "1,2";
				TEST_TARGET_NAME = "Calorie Crusher (Challenge 5 - MVP)";
			};
			name = Release;
		};
/* End XCBuildConfiguration section */

/* Begin XCConfigurationList section */
		1EBF6AF72D6D0B150092E435 /* Build configuration list for PBXProject "Calorie Crusher (Challenge 5 - MVP)" */ = {
			isa = XCConfigurationList;
			buildConfigurations = (
				1EBF6B272D6D0B170092E435 /* Debug */,
				1EBF6B282D6D0B170092E435 /* Release */,
			);
			defaultConfigurationIsVisible = 0;
			defaultConfigurationName = Release;
		};
		1EBF6B292D6D0B170092E435 /* Build configuration list for PBXNativeTarget "Calorie Crusher (Challenge 5 - MVP)" */ = {
			isa = XCConfigurationList;
			buildConfigurations = (
				1EBF6B2A2D6D0B170092E435 /* Debug */,
				1EBF6B2B2D6D0B170092E435 /* Release */,
			);
			defaultConfigurationIsVisible = 0;
			defaultConfigurationName = Release;
		};
		1EBF6B2C2D6D0B170092E435 /* Build configuration list for PBXNativeTarget "Calorie Crusher (Challenge 5 - MVP)Tests" */ = {
			isa = XCConfigurationList;
			buildConfigurations = (
				1EBF6B2D2D6D0B170092E435 /* Debug */,
				1EBF6B2E2D6D0B170092E435 /* Release */,
			);
			defaultConfigurationIsVisible = 0;
			defaultConfigurationName = Release;
		};
		1EBF6B2F2D6D0B170092E435 /* Build configuration list for PBXNativeTarget "Calorie Crusher (Challenge 5 - MVP)UITests" */ = {
			isa = XCConfigurationList;
			buildConfigurations = (
				1EBF6B302D6D0B170092E435 /* Debug */,
				1EBF6B312D6D0B170092E435 /* Release */,
			);
			defaultConfigurationIsVisible = 0;
			defaultConfigurationName = Release;
		};
/* End XCConfigurationList section */
	};
	rootObject = 1EBF6AF42D6D0B150092E435 /* Project object */;
}
