// !$*UTF8*$!
{
	archiveVersion = 1;
	classes = {
	};
	objectVersion = 77;
	objects = {

/* Begin PBXBuildFile section */
		1E2B8D432D6E57D900B3B5F3 /* gamePlaySS3.PNG in Resources */ = {isa = PBXBuildFile; fileRef = 1E2B8D3C2D6E57D800B3B5F3 /* gamePlaySS3.PNG */; };
		1E2B8D442D6E57D900B3B5F3 /* pauseMenuSS.PNG in Resources */ = {isa = PBXBuildFile; fileRef = 1E2B8D422D6E57D800B3B5F3 /* pauseMenuSS.PNG */; };
		1E2B8D452D6E57D900B3B5F3 /* gamePlaySS4.PNG in Resources */ = {isa = PBXBuildFile; fileRef = 1E2B8D3D2D6E57D800B3B5F3 /* gamePlaySS4.PNG */; };
		1E2B8D462D6E57D900B3B5F3 /* homeScreenSS.PNG in Resources */ = {isa = PBXBuildFile; fileRef = 1E2B8D412D6E57D800B3B5F3 /* homeScreenSS.PNG */; };
		1E2B8D472D6E57D900B3B5F3 /* gamePlaySS2.PNG in Resources */ = {isa = PBXBuildFile; fileRef = 1E2B8D3B2D6E57D800B3B5F3 /* gamePlaySS2.PNG */; };
		1E2B8D482D6E57D900B3B5F3 /* gamePlaySS6.PNG in Resources */ = {isa = PBXBuildFile; fileRef = 1E2B8D3F2D6E57D800B3B5F3 /* gamePlaySS6.PNG */; };
		1E2B8D492D6E57D900B3B5F3 /* gameOverSS.PNG in Resources */ = {isa = PBXBuildFile; fileRef = 1E2B8D392D6E57D800B3B5F3 /* gameOverSS.PNG */; };
		1E2B8D4A2D6E57D900B3B5F3 /* gamePlaySS1.PNG in Resources */ = {isa = PBXBuildFile; fileRef = 1E2B8D3A2D6E57D800B3B5F3 /* gamePlaySS1.PNG */; };
		1E2B8D4B2D6E57D900B3B5F3 /* gamePlaySS5.PNG in Resources */ = {isa = PBXBuildFile; fileRef = 1E2B8D3E2D6E57D800B3B5F3 /* gamePlaySS5.PNG */; };
		1E2B8D4C2D6E57D900B3B5F3 /* gamePlaySS7.PNG in Resources */ = {isa = PBXBuildFile; fileRef = 1E2B8D402D6E57D800B3B5F3 /* gamePlaySS7.PNG */; };
		1EBF6BDC2D6D1B8B0092E435 /* angryCharacter.png in Resources */ = {isa = PBXBuildFile; fileRef = 1EBF6BAD2D6D1B8B0092E435 /* angryCharacter.png */; };
		1EBF6BDD2D6D1B8B0092E435 /* falseButtonBG.png in Resources */ = {isa = PBXBuildFile; fileRef = 1EBF6BBA2D6D1B8B0092E435 /* falseButtonBG.png */; };
		1EBF6BDE2D6D1B8B0092E435 /* donut.png in Resources */ = {isa = PBXBuildFile; fileRef = 1EBF6BB82D6D1B8B0092E435 /* donut.png */; };
		1EBF6BDF2D6D1B8B0092E435 /* cookie.png in Resources */ = {isa = PBXBuildFile; fileRef = 1EBF6BB72D6D1B8B0092E435 /* cookie.png */; };
		1EBF6BE02D6D1B8B0092E435 /* background.png in Resources */ = {isa = PBXBuildFile; fileRef = 1EBF6BAF2D6D1B8B0092E435 /* background.png */; };
		1EBF6BE12D6D1B8B0092E435 /* pizza.png in Resources */ = {isa = PBXBuildFile; fileRef = 1EBF6BCD2D6D1B8B0092E435 /* pizza.png */; };
		1EBF6BE22D6D1B8B0092E435 /* infoButton.png in Resources */ = {isa = PBXBuildFile; fileRef = 1EBF6BC22D6D1B8B0092E435 /* infoButton.png */; };
		1EBF6BE32D6D1B8B0092E435 /* hotPepper.png in Resources */ = {isa = PBXBuildFile; fileRef = 1EBF6BC12D6D1B8B0092E435 /* hotPepper.png */; };
		1EBF6BE42D6D1B8B0092E435 /* nightBackground.png in Resources */ = {isa = PBXBuildFile; fileRef = 1EBF6BC92D6D1B8B0092E435 /* nightBackground.png */; };
		1EBF6BE52D6D1B8B0092E435 /* calorieCrusherIcon.png in Resources */ = {isa = PBXBuildFile; fileRef = 1EBF6BB42D6D1B8B0092E435 /* calorieCrusherIcon.png */; };
		1EBF6BE62D6D1B8B0092E435 /* goldenApple.png in Resources */ = {isa = PBXBuildFile; fileRef = 1EBF6BBD2D6D1B8B0092E435 /* goldenApple.png */; };
		1EBF6BE72D6D1B8B0092E435 /* loadingBar.png in Resources */ = {isa = PBXBuildFile; fileRef = 1EBF6BC52D6D1B8B0092E435 /* loadingBar.png */; };
		1EBF6BE82D6D1B8B0092E435 /* leftArrow.png in Resources */ = {isa = PBXBuildFile; fileRef = 1EBF6BC32D6D1B8B0092E435 /* leftArrow.png */; };
		1EBF6BE92D6D1B8B0092E435 /* burger.png in Resources */ = {isa = PBXBuildFile; fileRef = 1EBF6BB32D6D1B8B0092E435 /* burger.png */; };
		1EBF6BEA2D6D1B8B0092E435 /* happyCharacter.png in Resources */ = {isa = PBXBuildFile; fileRef = 1EBF6BC02D6D1B8B0092E435 /* happyCharacter.png */; };
		1EBF6BEB2D6D1B8B0092E435 /* whiteSingleCloud.png in Resources */ = {isa = PBXBuildFile; fileRef = 1EBF6BDA2D6D1B8B0092E435 /* whiteSingleCloud.png */; };
		1EBF6BEC2D6D1B8B0092E435 /* nightClouds.png in Resources */ = {isa = PBXBuildFile; fileRef = 1EBF6BCA2D6D1B8B0092E435 /* nightClouds.png */; };
		1EBF6BED2D6D1B8B0092E435 /* lifeLineLogo.png in Resources */ = {isa = PBXBuildFile; fileRef = 1EBF6BC42D6D1B8B0092E435 /* lifeLineLogo.png */; };
		1EBF6BEE2D6D1B8B0092E435 /* playButton.png in Resources */ = {isa = PBXBuildFile; fileRef = 1EBF6BCE2D6D1B8B0092E435 /* playButton.png */; };
		1EBF6BEF2D6D1B8B0092E435 /* grayClouds.png in Resources */ = {isa = PBXBuildFile; fileRef = 1EBF6BBE2D6D1B8B0092E435 /* grayClouds.png */; };
		1EBF6BF02D6D1B8B0092E435 /* bigRectangle.png in Resources */ = {isa = PBXBuildFile; fileRef = 1EBF6BB12D6D1B8B0092E435 /* bigRectangle.png */; };
		1EBF6BF12D6D1B8B0092E435 /* terrain.png in Resources */ = {isa = PBXBuildFile; fileRef = 1EBF6BD72D6D1B8B0092E435 /* terrain.png */; };
		1EBF6BF22D6D1B8B0092E435 /* moon.png in Resources */ = {isa = PBXBuildFile; fileRef = 1EBF6BC82D6D1B8B0092E435 /* moon.png */; };
		1EBF6BF32D6D1B8B0092E435 /* broccoli.png in Resources */ = {isa = PBXBuildFile; fileRef = 1EBF6BB22D6D1B8B0092E435 /* broccoli.png */; };
		1EBF6BF42D6D1B8B0092E435 /* clouds.png in Resources */ = {isa = PBXBuildFile; fileRef = 1EBF6BB62D6D1B8B0092E435 /* clouds.png */; };
		1EBF6BF52D6D1B8B0092E435 /* trueButtonBG.png in Resources */ = {isa = PBXBuildFile; fileRef = 1EBF6BD92D6D1B8B0092E435 /* trueButtonBG.png */; };
		1EBF6BF62D6D1B8B0092E435 /* loadingBar(smaller).png in Resources */ = {isa = PBXBuildFile; fileRef = 1EBF6BC62D6D1B8B0092E435 /* loadingBar(smaller).png */; };
		1EBF6BF72D6D1B8B0092E435 /* loadingBarBackground.png in Resources */ = {isa = PBXBuildFile; fileRef = 1EBF6BC72D6D1B8B0092E435 /* loadingBarBackground.png */; };
		1EBF6BF82D6D1B8B0092E435 /* Game Design Document 313Devs.pages in Resources */ = {isa = PBXBuildFile; fileRef = 1EBF6BBB2D6D1B8B0092E435 /* Game Design Document 313Devs.pages */; };
		1EBF6BF92D6D1B8B0092E435 /* pauseButton.png in Resources */ = {isa = PBXBuildFile; fileRef = 1EBF6BCC2D6D1B8B0092E435 /* pauseButton.png */; };
		1EBF6BFA2D6D1B8B0092E435 /* orange.png in Resources */ = {isa = PBXBuildFile; fileRef = 1EBF6BCB2D6D1B8B0092E435 /* orange.png */; };
		1EBF6BFB2D6D1B8B0092E435 /* rectangle1.png in Resources */ = {isa = PBXBuildFile; fileRef = 1EBF6BCF2D6D1B8B0092E435 /* rectangle1.png */; };
		1EBF6BFC2D6D1B8B0092E435 /* avacado.png in Resources */ = {isa = PBXBuildFile; fileRef = 1EBF6BAE2D6D1B8B0092E435 /* avacado.png */; };
		1EBF6BFD2D6D1B8B0092E435 /* startButton.png in Resources */ = {isa = PBXBuildFile; fileRef = 1EBF6BD32D6D1B8B0092E435 /* startButton.png */; };
		1EBF6BFE2D6D1B8B0092E435 /* rightArrow.png in Resources */ = {isa = PBXBuildFile; fileRef = 1EBF6BD22D6D1B8B0092E435 /* rightArrow.png */; };
		1EBF6BFF2D6D1B8B0092E435 /* strawberry.png in Resources */ = {isa = PBXBuildFile; fileRef = 1EBF6BD52D6D1B8B0092E435 /* strawberry.png */; };
		1EBF6C002D6D1B8B0092E435 /* staticBackground.png in Resources */ = {isa = PBXBuildFile; fileRef = 1EBF6BD42D6D1B8B0092E435 /* staticBackground.png */; };
		1EBF6C012D6D1B8B0092E435 /* trueButton.png in Resources */ = {isa = PBXBuildFile; fileRef = 1EBF6BD82D6D1B8B0092E435 /* trueButton.png */; };
		1EBF6C022D6D1B8B0092E435 /* sun.png in Resources */ = {isa = PBXBuildFile; fileRef = 1EBF6BD62D6D1B8B0092E435 /* sun.png */; };
		1EBF6C032D6D1B8B0092E435 /* gameBanner.png in Resources */ = {isa = PBXBuildFile; fileRef = 1EBF6BBC2D6D1B8B0092E435 /* gameBanner.png */; };
		1EBF6C042D6D1B8B0092E435 /* returnHomeButton.png in Resources */ = {isa = PBXBuildFile; fileRef = 1EBF6BD12D6D1B8B0092E435 /* returnHomeButton.png */; };
		1EBF6C052D6D1B8B0092E435 /* rectangle2.png in Resources */ = {isa = PBXBuildFile; fileRef = 1EBF6BD02D6D1B8B0092E435 /* rectangle2.png */; };
		1EBF6C062D6D1B8B0092E435 /* bacon.png in Resources */ = {isa = PBXBuildFile; fileRef = 1EBF6BB02D6D1B8B0092E435 /* bacon.png */; };
		1EBF6C072D6D1B8B0092E435 /* falseButton.png in Resources */ = {isa = PBXBuildFile; fileRef = 1EBF6BB92D6D1B8B0092E435 /* falseButton.png */; };
		1EBF6C082D6D1B8B0092E435 /* carrot.png in Resources */ = {isa = PBXBuildFile; fileRef = 1EBF6BB52D6D1B8B0092E435 /* carrot.png */; };
		1EBF6C092D6D1B8B0092E435 /* groupedClouds.png in Resources */ = {isa = PBXBuildFile; fileRef = 1EBF6BBF2D6D1B8B0092E435 /* groupedClouds.png */; };
/* End PBXBuildFile section */

/* Begin PBXContainerItemProxy section */
		1EBF6B162D6D0B170092E435 /* PBXContainerItemProxy */ = {
			isa = PBXContainerItemProxy;
			containerPortal = 1EBF6AF42D6D0B150092E435 /* Project object */;
			proxyType = 1;
			remoteGlobalIDString = 1EBF6AFB2D6D0B150092E435;
			remoteInfo = "Calorie Crusher (Challenge 5 - MVP)";
		};
		1EBF6B202D6D0B170092E435 /* PBXContainerItemProxy */ = {
			isa = PBXContainerItemProxy;
			containerPortal = 1EBF6AF42D6D0B150092E435 /* Project object */;
			proxyType = 1;
			remoteGlobalIDString = 1EBF6AFB2D6D0B150092E435;
			remoteInfo = "Calorie Crusher (Challenge 5 - MVP)";
		};
/* End PBXContainerItemProxy section */

/* Begin PBXFileReference section */
		1E2B8D392D6E57D800B3B5F3 /* gameOverSS.PNG */ = {isa = PBXFileReference; lastKnownFileType = image.png; path = gameOverSS.PNG; sourceTree = "<group>"; };
		1E2B8D3A2D6E57D800B3B5F3 /* gamePlaySS1.PNG */ = {isa = PBXFileReference; lastKnownFileType = image.png; path = gamePlaySS1.PNG; sourceTree = "<group>"; };
		1E2B8D3B2D6E57D800B3B5F3 /* gamePlaySS2.PNG */ = {isa = PBXFileReference; lastKnownFileType = image.png; path = gamePlaySS2.PNG; sourceTree = "<group>"; };
		1E2B8D3C2D6E57D800B3B5F3 /* gamePlaySS3.PNG */ = {isa = PBXFileReference; lastKnownFileType = image.png; path = gamePlaySS3.PNG; sourceTree = "<group>"; };
		1E2B8D3D2D6E57D800B3B5F3 /* gamePlaySS4.PNG */ = {isa = PBXFileReference; lastKnownFileType = image.png; path = gamePlaySS4.PNG; sourceTree = "<group>"; };
		1E2B8D3E2D6E57D800B3B5F3 /* gamePlaySS5.PNG */ = {isa = PBXFileReference; lastKnownFileType = image.png; path = gamePlaySS5.PNG; sourceTree = "<group>"; };
		1E2B8D3F2D6E57D800B3B5F3 /* gamePlaySS6.PNG */ = {isa = PBXFileReference; lastKnownFileType = image.png; path = gamePlaySS6.PNG; sourceTree = "<group>"; };
		1E2B8D402D6E57D800B3B5F3 /* gamePlaySS7.PNG */ = {isa = PBXFileReference; lastKnownFileType = image.png; path = gamePlaySS7.PNG; sourceTree = "<group>"; };
		1E2B8D412D6E57D800B3B5F3 /* homeScreenSS.PNG */ = {isa = PBXFileReference; lastKnownFileType = image.png; path = homeScreenSS.PNG; sourceTree = "<group>"; };
		1E2B8D422D6E57D800B3B5F3 /* pauseMenuSS.PNG */ = {isa = PBXFileReference; lastKnownFileType = image.png; path = pauseMenuSS.PNG; sourceTree = "<group>"; };
		1EBF6AFC2D6D0B150092E435 /* Calorie Crusher (Challenge 5 - MVP).app */ = {isa = PBXFileReference; explicitFileType = wrapper.application; includeInIndex = 0; path = "Calorie Crusher (Challenge 5 - MVP).app"; sourceTree = BUILT_PRODUCTS_DIR; };
		1EBF6B152D6D0B170092E435 /* Calorie Crusher (Challenge 5 - MVP)Tests.xctest */ = {isa = PBXFileReference; explicitFileType = wrapper.cfbundle; includeInIndex = 0; path = "Calorie Crusher (Challenge 5 - MVP)Tests.xctest"; sourceTree = BUILT_PRODUCTS_DIR; };
		1EBF6B1F2D6D0B170092E435 /* Calorie Crusher (Challenge 5 - MVP)UITests.xctest */ = {isa = PBXFileReference; explicitFileType = wrapper.cfbundle; includeInIndex = 0; path = "Calorie Crusher (Challenge 5 - MVP)UITests.xctest"; sourceTree = BUILT_PRODUCTS_DIR; };
		1EBF6BAD2D6D1B8B0092E435 /* angryCharacter.png */ = {isa = PBXFileReference; lastKnownFileType = image.png; path = angryCharacter.png; sourceTree = "<group>"; };
		1EBF6BAE2D6D1B8B0092E435 /* avacado.png */ = {isa = PBXFileReference; lastKnownFileType = image.png; path = avacado.png; sourceTree = "<group>"; };
		1EBF6BAF2D6D1B8B0092E435 /* background.png */ = {isa = PBXFileReference; lastKnownFileType = image.png; path = background.png; sourceTree = "<group>"; };
		1EBF6BB02D6D1B8B0092E435 /* bacon.png */ = {isa = PBXFileReference; lastKnownFileType = image.png; path = bacon.png; sourceTree = "<group>"; };
		1EBF6BB12D6D1B8B0092E435 /* bigRectangle.png */ = {isa = PBXFileReference; lastKnownFileType = image.png; path = bigRectangle.png; sourceTree = "<group>"; };
		1EBF6BB22D6D1B8B0092E435 /* broccoli.png */ = {isa = PBXFileReference; lastKnownFileType = image.png; path = broccoli.png; sourceTree = "<group>"; };
		1EBF6BB32D6D1B8B0092E435 /* burger.png */ = {isa = PBXFileReference; lastKnownFileType = image.png; path = burger.png; sourceTree = "<group>"; };
		1EBF6BB42D6D1B8B0092E435 /* calorieCrusherIcon.png */ = {isa = PBXFileReference; lastKnownFileType = image.png; path = calorieCrusherIcon.png; sourceTree = "<group>"; };
		1EBF6BB52D6D1B8B0092E435 /* carrot.png */ = {isa = PBXFileReference; lastKnownFileType = image.png; path = carrot.png; sourceTree = "<group>"; };
		1EBF6BB62D6D1B8B0092E435 /* clouds.png */ = {isa = PBXFileReference; lastKnownFileType = image.png; path = clouds.png; sourceTree = "<group>"; };
		1EBF6BB72D6D1B8B0092E435 /* cookie.png */ = {isa = PBXFileReference; lastKnownFileType = image.png; path = cookie.png; sourceTree = "<group>"; };
		1EBF6BB82D6D1B8B0092E435 /* donut.png */ = {isa = PBXFileReference; lastKnownFileType = image.png; path = donut.png; sourceTree = "<group>"; };
		1EBF6BB92D6D1B8B0092E435 /* falseButton.png */ = {isa = PBXFileReference; lastKnownFileType = image.png; path = falseButton.png; sourceTree = "<group>"; };
		1EBF6BBA2D6D1B8B0092E435 /* falseButtonBG.png */ = {isa = PBXFileReference; lastKnownFileType = image.png; path = falseButtonBG.png; sourceTree = "<group>"; };
		1EBF6BBB2D6D1B8B0092E435 /* Game Design Document 313Devs.pages */ = {isa = PBXFileReference; lastKnownFileType = file; path = "Game Design Document 313Devs.pages"; sourceTree = "<group>"; };
		1EBF6BBC2D6D1B8B0092E435 /* gameBanner.png */ = {isa = PBXFileReference; lastKnownFileType = image.png; path = gameBanner.png; sourceTree = "<group>"; };
		1EBF6BBD2D6D1B8B0092E435 /* goldenApple.png */ = {isa = PBXFileReference; lastKnownFileType = image.png; path = goldenApple.png; sourceTree = "<group>"; };
		1EBF6BBE2D6D1B8B0092E435 /* grayClouds.png */ = {isa = PBXFileReference; lastKnownFileType = image.png; path = grayClouds.png; sourceTree = "<group>"; };
		1EBF6BBF2D6D1B8B0092E435 /* groupedClouds.png */ = {isa = PBXFileReference; lastKnownFileType = image.png; path = groupedClouds.png; sourceTree = "<group>"; };
		1EBF6BC02D6D1B8B0092E435 /* happyCharacter.png */ = {isa = PBXFileReference; lastKnownFileType = image.png; path = happyCharacter.png; sourceTree = "<group>"; };
		1EBF6BC12D6D1B8B0092E435 /* hotPepper.png */ = {isa = PBXFileReference; lastKnownFileType = image.png; path = hotPepper.png; sourceTree = "<group>"; };
		1EBF6BC22D6D1B8B0092E435 /* infoButton.png */ = {isa = PBXFileReference; lastKnownFileType = image.png; path = infoButton.png; sourceTree = "<group>"; };
		1EBF6BC32D6D1B8B0092E435 /* leftArrow.png */ = {isa = PBXFileReference; lastKnownFileType = image.png; path = leftArrow.png; sourceTree = "<group>"; };
		1EBF6BC42D6D1B8B0092E435 /* lifeLineLogo.png */ = {isa = PBXFileReference; lastKnownFileType = image.png; path = lifeLineLogo.png; sourceTree = "<group>"; };
		1EBF6BC52D6D1B8B0092E435 /* loadingBar.png */ = {isa = PBXFileReference; lastKnownFileType = image.png; path = loadingBar.png; sourceTree = "<group>"; };
		1EBF6BC62D6D1B8B0092E435 /* loadingBar(smaller).png */ = {isa = PBXFileReference; lastKnownFileType = image.png; path = "loadingBar(smaller).png"; sourceTree = "<group>"; };
		1EBF6BC72D6D1B8B0092E435 /* loadingBarBackground.png */ = {isa = PBXFileReference; lastKnownFileType = image.png; path = loadingBarBackground.png; sourceTree = "<group>"; };
		1EBF6BC82D6D1B8B0092E435 /* moon.png */ = {isa = PBXFileReference; lastKnownFileType = image.png; path = moon.png; sourceTree = "<group>"; };
		1EBF6BC92D6D1B8B0092E435 /* nightBackground.png */ = {isa = PBXFileReference; lastKnownFileType = image.png; path = nightBackground.png; sourceTree = "<group>"; };
		1EBF6BCA2D6D1B8B0092E435 /* nightClouds.png */ = {isa = PBXFileReference; lastKnownFileType = image.png; path = nightClouds.png; sourceTree = "<group>"; };
		1EBF6BCB2D6D1B8B0092E435 /* orange.png */ = {isa = PBXFileReference; lastKnownFileType = image.png; path = orange.png; sourceTree = "<group>"; };
		1EBF6BCC2D6D1B8B0092E435 /* pauseButton.png */ = {isa = PBXFileReference; lastKnownFileType = image.png; path = pauseButton.png; sourceTree = "<group>"; };
		1EBF6BCD2D6D1B8B0092E435 /* pizza.png */ = {isa = PBXFileReference; lastKnownFileType = image.png; path = pizza.png; sourceTree = "<group>"; };
		1EBF6BCE2D6D1B8B0092E435 /* playButton.png */ = {isa = PBXFileReference; lastKnownFileType = image.png; path = playButton.png; sourceTree = "<group>"; };
		1EBF6BCF2D6D1B8B0092E435 /* rectangle1.png */ = {isa = PBXFileReference; lastKnownFileType = image.png; path = rectangle1.png; sourceTree = "<group>"; };
		1EBF6BD02D6D1B8B0092E435 /* rectangle2.png */ = {isa = PBXFileReference; lastKnownFileType = image.png; path = rectangle2.png; sourceTree = "<group>"; };
		1EBF6BD12D6D1B8B0092E435 /* returnHomeButton.png */ = {isa = PBXFileReference; lastKnownFileType = image.png; path = returnHomeButton.png; sourceTree = "<group>"; };
		1EBF6BD22D6D1B8B0092E435 /* rightArrow.png */ = {isa = PBXFileReference; lastKnownFileType = image.png; path = rightArrow.png; sourceTree = "<group>"; };
		1EBF6BD32D6D1B8B0092E435 /* startButton.png */ = {isa = PBXFileReference; lastKnownFileType = image.png; path = startButton.png; sourceTree = "<group>"; };
		1EBF6BD42D6D1B8B0092E435 /* staticBackground.png */ = {isa = PBXFileReference; lastKnownFileType = image.png; path = staticBackground.png; sourceTree = "<group>"; };
		1EBF6BD52D6D1B8B0092E435 /* strawberry.png */ = {isa = PBXFileReference; lastKnownFileType = image.png; path = strawberry.png; sourceTree = "<group>"; };
		1EBF6BD62D6D1B8B0092E435 /* sun.png */ = {isa = PBXFileReference; lastKnownFileType = image.png; path = sun.png; sourceTree = "<group>"; };
		1EBF6BD72D6D1B8B0092E435 /* terrain.png */ = {isa = PBXFileReference; lastKnownFileType = image.png; path = terrain.png; sourceTree = "<group>"; };
		1EBF6BD82D6D1B8B0092E435 /* trueButton.png */ = {isa = PBXFileReference; lastKnownFileType = image.png; path = trueButton.png; sourceTree = "<group>"; };
		1EBF6BD92D6D1B8B0092E435 /* trueButtonBG.png */ = {isa = PBXFileReference; lastKnownFileType = image.png; path = trueButtonBG.png; sourceTree = "<group>"; };
		1EBF6BDA2D6D1B8B0092E435 /* whiteSingleCloud.png */ = {isa = PBXFileReference; lastKnownFileType = image.png; path = whiteSingleCloud.png; sourceTree = "<group>"; };
/* End PBXFileReference section */

/* Begin PBXFileSystemSynchronizedRootGroup section */
		1EBF6AFE2D6D0B150092E435 /* Calorie Crusher (Challenge 5 - MVP) */ = {
			isa = PBXFileSystemSynchronizedRootGroup;
			path = "Calorie Crusher (Challenge 5 - MVP)";
			sourceTree = "<group>";
		};
		1EBF6B182D6D0B170092E435 /* Calorie Crusher (Challenge 5 - MVP)Tests */ = {
			isa = PBXFileSystemSynchronizedRootGroup;
			path = "Calorie Crusher (Challenge 5 - MVP)Tests";
			sourceTree = "<group>";
		};
		1EBF6B222D6D0B170092E435 /* Calorie Crusher (Challenge 5 - MVP)UITests */ = {
			isa = PBXFileSystemSynchronizedRootGroup;
			path = "Calorie Crusher (Challenge 5 - MVP)UITests";
			sourceTree = "<group>";
		};
		1EBF6B492D6D0DF20092E435 /* Music */ = {
			isa = PBXFileSystemSynchronizedRootGroup;
			path = Music;
			sourceTree = "<group>";
		};
/* End PBXFileSystemSynchronizedRootGroup section */

/* Begin PBXFrameworksBuildPhase section */
		1EBF6AF92D6D0B150092E435 /* Frameworks */ = {
			isa = PBXFrameworksBuildPhase;
			buildActionMask = 2147483647;
			files = (
			);
			runOnlyForDeploymentPostprocessing = 0;
		};
		1EBF6B122D6D0B170092E435 /* Frameworks */ = {
			isa = PBXFrameworksBuildPhase;
			buildActionMask = 2147483647;
			files = (
			);
			runOnlyForDeploymentPostprocessing = 0;
		};
		1EBF6B1C2D6D0B170092E435 /* Frameworks */ = {
			isa = PBXFrameworksBuildPhase;
			buildActionMask = 2147483647;
			files = (
			);
			runOnlyForDeploymentPostprocessing = 0;
		};
/* End PBXFrameworksBuildPhase section */

/* Begin PBXGroup section */
		1EBF6AF32D6D0B150092E435 = {
			isa = PBXGroup;
			children = (
				1EBF6AFE2D6D0B150092E435 /* Calorie Crusher (Challenge 5 - MVP) */,
				1EBF6B182D6D0B170092E435 /* Calorie Crusher (Challenge 5 - MVP)Tests */,
				1EBF6B222D6D0B170092E435 /* Calorie Crusher (Challenge 5 - MVP)UITests */,
				1EBF6B492D6D0DF20092E435 /* Music */,
				1EBF6BDB2D6D1B8B0092E435 /* CalorieCrusher Assets:Images */,
				1EBF6AFD2D6D0B150092E435 /* Products */,
			);
			sourceTree = "<group>";
		};
		1EBF6AFD2D6D0B150092E435 /* Products */ = {
			isa = PBXGroup;
			children = (
				1EBF6AFC2D6D0B150092E435 /* Calorie Crusher (Challenge 5 - MVP).app */,
				1EBF6B152D6D0B170092E435 /* Calorie Crusher (Challenge 5 - MVP)Tests.xctest */,
				1EBF6B1F2D6D0B170092E435 /* Calorie Crusher (Challenge 5 - MVP)UITests.xctest */,
			);
			name = Products;
			sourceTree = "<group>";
		};
		1EBF6BDB2D6D1B8B0092E435 /* CalorieCrusher Assets:Images */ = {
			isa = PBXGroup;
			children = (
				1EBF6BAD2D6D1B8B0092E435 /* angryCharacter.png */,
				1EBF6BAE2D6D1B8B0092E435 /* avacado.png */,
				1EBF6BAF2D6D1B8B0092E435 /* background.png */,
				1EBF6BB02D6D1B8B0092E435 /* bacon.png */,
				1EBF6BB12D6D1B8B0092E435 /* bigRectangle.png */,
				1EBF6BB22D6D1B8B0092E435 /* broccoli.png */,
				1EBF6BB32D6D1B8B0092E435 /* burger.png */,
				1EBF6BB42D6D1B8B0092E435 /* calorieCrusherIcon.png */,
				1EBF6BB52D6D1B8B0092E435 /* carrot.png */,
				1EBF6BB62D6D1B8B0092E435 /* clouds.png */,
				1EBF6BB72D6D1B8B0092E435 /* cookie.png */,
				1EBF6BB82D6D1B8B0092E435 /* donut.png */,
				1EBF6BB92D6D1B8B0092E435 /* falseButton.png */,
				1EBF6BBA2D6D1B8B0092E435 /* falseButtonBG.png */,
				1EBF6BBB2D6D1B8B0092E435 /* Game Design Document 313Devs.pages */,
				1EBF6BBC2D6D1B8B0092E435 /* gameBanner.png */,
				1EBF6BBD2D6D1B8B0092E435 /* goldenApple.png */,
				1EBF6BBE2D6D1B8B0092E435 /* grayClouds.png */,
				1EBF6BBF2D6D1B8B0092E435 /* groupedClouds.png */,
				1EBF6BC02D6D1B8B0092E435 /* happyCharacter.png */,
				1EBF6BC12D6D1B8B0092E435 /* hotPepper.png */,
				1EBF6BC22D6D1B8B0092E435 /* infoButton.png */,
				1EBF6BC32D6D1B8B0092E435 /* leftArrow.png */,
				1EBF6BC42D6D1B8B0092E435 /* lifeLineLogo.png */,
				1EBF6BC52D6D1B8B0092E435 /* loadingBar.png */,
				1EBF6BC62D6D1B8B0092E435 /* loadingBar(smaller).png */,
				1EBF6BC72D6D1B8B0092E435 /* loadingBarBackground.png */,
				1EBF6BC82D6D1B8B0092E435 /* moon.png */,
				1EBF6BC92D6D1B8B0092E435 /* nightBackground.png */,
				1EBF6BCA2D6D1B8B0092E435 /* nightClouds.png */,
				1EBF6BCB2D6D1B8B0092E435 /* orange.png */,
				1EBF6BCC2D6D1B8B0092E435 /* pauseButton.png */,
				1EBF6BCD2D6D1B8B0092E435 /* pizza.png */,
				1EBF6BCE2D6D1B8B0092E435 /* playButton.png */,
				1EBF6BCF2D6D1B8B0092E435 /* rectangle1.png */,
				1EBF6BD02D6D1B8B0092E435 /* rectangle2.png */,
				1EBF6BD12D6D1B8B0092E435 /* returnHomeButton.png */,
				1EBF6BD22D6D1B8B0092E435 /* rightArrow.png */,
				1EBF6BD32D6D1B8B0092E435 /* startButton.png */,
				1EBF6BD42D6D1B8B0092E435 /* staticBackground.png */,
				1EBF6BD52D6D1B8B0092E435 /* strawberry.png */,
				1EBF6BD62D6D1B8B0092E435 /* sun.png */,
				1EBF6BD72D6D1B8B0092E435 /* terrain.png */,
				1EBF6BD82D6D1B8B0092E435 /* trueButton.png */,
				1EBF6BD92D6D1B8B0092E435 /* trueButtonBG.png */,
				1EBF6BDA2D6D1B8B0092E435 /* whiteSingleCloud.png */,
				1E2B8D392D6E57D800B3B5F3 /* gameOverSS.PNG */,
				1E2B8D3A2D6E57D800B3B5F3 /* gamePlaySS1.PNG */,
				1E2B8D3B2D6E57D800B3B5F3 /* gamePlaySS2.PNG */,
				1E2B8D3C2D6E57D800B3B5F3 /* gamePlaySS3.PNG */,
				1E2B8D3D2D6E57D800B3B5F3 /* gamePlaySS4.PNG */,
				1E2B8D3E2D6E57D800B3B5F3 /* gamePlaySS5.PNG */,
				1E2B8D3F2D6E57D800B3B5F3 /* gamePlaySS6.PNG */,
				1E2B8D402D6E57D800B3B5F3 /* gamePlaySS7.PNG */,
				1E2B8D412D6E57D800B3B5F3 /* homeScreenSS.PNG */,
				1E2B8D422D6E57D800B3B5F3 /* pauseMenuSS.PNG */,
			);
			path = "CalorieCrusher Assets:Images";
			sourceTree = "<group>";
		};
/* End PBXGroup section */

/* Begin PBXNativeTarget section */
		1EBF6AFB2D6D0B150092E435 /* Calorie Crusher (Challenge 5 - MVP) */ = {
			isa = PBXNativeTarget;
			buildConfigurationList = 1EBF6B292D6D0B170092E435 /* Build configuration list for PBXNativeTarget "Calorie Crusher (Challenge 5 - MVP)" */;
			buildPhases = (
				1EBF6AF82D6D0B150092E435 /* Sources */,
				1EBF6AF92D6D0B150092E435 /* Frameworks */,
				1EBF6AFA2D6D0B150092E435 /* Resources */,
			);
			buildRules = (
			);
			dependencies = (
			);
			fileSystemSynchronizedGroups = (
				1EBF6AFE2D6D0B150092E435 /* Calorie Crusher (Challenge 5 - MVP) */,
				1EBF6B492D6D0DF20092E435 /* Music */,
			);
			name = "Calorie Crusher (Challenge 5 - MVP)";
			packageProductDependencies = (
			);
			productName = "Calorie Crusher (Challenge 5 - MVP)";
			productReference = 1EBF6AFC2D6D0B150092E435 /* Calorie Crusher (Challenge 5 - MVP).app */;
			productType = "com.apple.product-type.application";
		};
		1EBF6B142D6D0B170092E435 /* Calorie Crusher (Challenge 5 - MVP)Tests */ = {
			isa = PBXNativeTarget;
			buildConfigurationList = 1EBF6B2C2D6D0B170092E435 /* Build configuration list for PBXNativeTarget "Calorie Crusher (Challenge 5 - MVP)Tests" */;
			buildPhases = (
				1EBF6B112D6D0B170092E435 /* Sources */,
				1EBF6B122D6D0B170092E435 /* Frameworks */,
				1EBF6B132D6D0B170092E435 /* Resources */,
			);
			buildRules = (
			);
			dependencies = (
				1EBF6B172D6D0B170092E435 /* PBXTargetDependency */,
			);
			fileSystemSynchronizedGroups = (
				1EBF6B182D6D0B170092E435 /* Calorie Crusher (Challenge 5 - MVP)Tests */,
			);
			name = "Calorie Crusher (Challenge 5 - MVP)Tests";
			packageProductDependencies = (
			);
			productName = "Calorie Crusher (Challenge 5 - MVP)Tests";
			productReference = 1EBF6B152D6D0B170092E435 /* Calorie Crusher (Challenge 5 - MVP)Tests.xctest */;
			productType = "com.apple.product-type.bundle.unit-test";
		};
		1EBF6B1E2D6D0B170092E435 /* Calorie Crusher (Challenge 5 - MVP)UITests */ = {
			isa = PBXNativeTarget;
			buildConfigurationList = 1EBF6B2F2D6D0B170092E435 /* Build configuration list for PBXNativeTarget "Calorie Crusher (Challenge 5 - MVP)UITests" */;
			buildPhases = (
				1EBF6B1B2D6D0B170092E435 /* Sources */,
				1EBF6B1C2D6D0B170092E435 /* Frameworks */,
				1EBF6B1D2D6D0B170092E435 /* Resources */,
			);
			buildRules = (
			);
			dependencies = (
				1EBF6B212D6D0B170092E435 /* PBXTargetDependency */,
			);
			fileSystemSynchronizedGroups = (
				1EBF6B222D6D0B170092E435 /* Calorie Crusher (Challenge 5 - MVP)UITests */,
			);
			name = "Calorie Crusher (Challenge 5 - MVP)UITests";
			packageProductDependencies = (
			);
			productName = "Calorie Crusher (Challenge 5 - MVP)UITests";
			productReference = 1EBF6B1F2D6D0B170092E435 /* Calorie Crusher (Challenge 5 - MVP)UITests.xctest */;
			productType = "com.apple.product-type.bundle.ui-testing";
		};
/* End PBXNativeTarget section */

/* Begin PBXProject section */
		1EBF6AF42D6D0B150092E435 /* Project object */ = {
			isa = PBXProject;
			attributes = {
				BuildIndependentTargetsInParallel = 1;
				LastSwiftUpdateCheck = 1620;
				LastUpgradeCheck = 1620;
				TargetAttributes = {
					1EBF6AFB2D6D0B150092E435 = {
						CreatedOnToolsVersion = 16.2;
					};
					1EBF6B142D6D0B170092E435 = {
						CreatedOnToolsVersion = 16.2;
						TestTargetID = 1EBF6AFB2D6D0B150092E435;
					};
					1EBF6B1E2D6D0B170092E435 = {
						CreatedOnToolsVersion = 16.2;
						TestTargetID = 1EBF6AFB2D6D0B150092E435;
					};
				};
			};
			buildConfigurationList = 1EBF6AF72D6D0B150092E435 /* Build configuration list for PBXProject "Calorie Crusher (Challenge 5 - MVP)" */;
			developmentRegion = en;
			hasScannedForEncodings = 0;
			knownRegions = (
				en,
				Base,
			);
			mainGroup = 1EBF6AF32D6D0B150092E435;
			minimizedProjectReferenceProxies = 1;
			preferredProjectObjectVersion = 77;
			productRefGroup = 1EBF6AFD2D6D0B150092E435 /* Products */;
			projectDirPath = "";
			projectRoot = "";
			targets = (
				1EBF6AFB2D6D0B150092E435 /* Calorie Crusher (Challenge 5 - MVP) */,
				1EBF6B142D6D0B170092E435 /* Calorie Crusher (Challenge 5 - MVP)Tests */,
				1EBF6B1E2D6D0B170092E435 /* Calorie Crusher (Challenge 5 - MVP)UITests */,
			);
		};
/* End PBXProject section */

/* Begin PBXResourcesBuildPhase section */
		1EBF6AFA2D6D0B150092E435 /* Resources */ = {
			isa = PBXResourcesBuildPhase;
			buildActionMask = 2147483647;
			files = (
				1EBF6BDC2D6D1B8B0092E435 /* angryCharacter.png in Resources */,
				1EBF6BDD2D6D1B8B0092E435 /* falseButtonBG.png in Resources */,
				1EBF6BDE2D6D1B8B0092E435 /* donut.png in Resources */,
				1EBF6BDF2D6D1B8B0092E435 /* cookie.png in Resources */,
				1EBF6BE02D6D1B8B0092E435 /* background.png in Resources */,
				1EBF6BE12D6D1B8B0092E435 /* pizza.png in Resources */,
				1EBF6BE22D6D1B8B0092E435 /* infoButton.png in Resources */,
				1EBF6BE32D6D1B8B0092E435 /* hotPepper.png in Resources */,
				1EBF6BE42D6D1B8B0092E435 /* nightBackground.png in Resources */,
				1EBF6BE52D6D1B8B0092E435 /* calorieCrusherIcon.png in Resources */,
				1EBF6BE62D6D1B8B0092E435 /* goldenApple.png in Resources */,
				1E2B8D432D6E57D900B3B5F3 /* gamePlaySS3.PNG in Resources */,
				1E2B8D442D6E57D900B3B5F3 /* pauseMenuSS.PNG in Resources */,
				1E2B8D452D6E57D900B3B5F3 /* gamePlaySS4.PNG in Resources */,
				1E2B8D462D6E57D900B3B5F3 /* homeScreenSS.PNG in Resources */,
				1E2B8D472D6E57D900B3B5F3 /* gamePlaySS2.PNG in Resources */,
				1E2B8D482D6E57D900B3B5F3 /* gamePlaySS6.PNG in Resources */,
				1E2B8D492D6E57D900B3B5F3 /* gameOverSS.PNG in Resources */,
				1E2B8D4A2D6E57D900B3B5F3 /* gamePlaySS1.PNG in Resources */,
				1E2B8D4B2D6E57D900B3B5F3 /* gamePlaySS5.PNG in Resources */,
				1E2B8D4C2D6E57D900B3B5F3 /* gamePlaySS7.PNG in Resources */,
				1EBF6BE72D6D1B8B0092E435 /* loadingBar.png in Resources */,
				1EBF6BE82D6D1B8B0092E435 /* leftArrow.png in Resources */,
				1EBF6BE92D6D1B8B0092E435 /* burger.png in Resources */,
				1EBF6BEA2D6D1B8B0092E435 /* happyCharacter.png in Resources */,
				1EBF6BEB2D6D1B8B0092E435 /* whiteSingleCloud.png in Resources */,
				1EBF6BEC2D6D1B8B0092E435 /* nightClouds.png in Resources */,
				1EBF6BED2D6D1B8B0092E435 /* lifeLineLogo.png in Resources */,
				1EBF6BEE2D6D1B8B0092E435 /* playButton.png in Resources */,
				1EBF6BEF2D6D1B8B0092E435 /* grayClouds.png in Resources */,
				1EBF6BF02D6D1B8B0092E435 /* bigRectangle.png in Resources */,
				1EBF6BF12D6D1B8B0092E435 /* terrain.png in Resources */,
				1EBF6BF22D6D1B8B0092E435 /* moon.png in Resources */,
				1EBF6BF32D6D1B8B0092E435 /* broccoli.png in Resources */,
				1EBF6BF42D6D1B8B0092E435 /* clouds.png in Resources */,
				1EBF6BF52D6D1B8B0092E435 /* trueButtonBG.png in Resources */,
				1EBF6BF62D6D1B8B0092E435 /* loadingBar(smaller).png in Resources */,
				1EBF6BF72D6D1B8B0092E435 /* loadingBarBackground.png in Resources */,
				1EBF6BF82D6D1B8B0092E435 /* Game Design Document 313Devs.pages in Resources */,
				1EBF6BF92D6D1B8B0092E435 /* pauseButton.png in Resources */,
				1EBF6BFA2D6D1B8B0092E435 /* orange.png in Resources */,
				1EBF6BFB2D6D1B8B0092E435 /* rectangle1.png in Resources */,
				1EBF6BFC2D6D1B8B0092E435 /* avacado.png in Resources */,
				1EBF6BFD2D6D1B8B0092E435 /* startButton.png in Resources */,
				1EBF6BFE2D6D1B8B0092E435 /* rightArrow.png in Resources */,
				1EBF6BFF2D6D1B8B0092E435 /* strawberry.png in Resources */,
				1EBF6C002D6D1B8B0092E435 /* staticBackground.png in Resources */,
				1EBF6C012D6D1B8B0092E435 /* trueButton.png in Resources */,
				1EBF6C022D6D1B8B0092E435 /* sun.png in Resources */,
				1EBF6C032D6D1B8B0092E435 /* gameBanner.png in Resources */,
				1EBF6C042D6D1B8B0092E435 /* returnHomeButton.png in Resources */,
				1EBF6C052D6D1B8B0092E435 /* rectangle2.png in Resources */,
				1EBF6C062D6D1B8B0092E435 /* bacon.png in Resources */,
				1EBF6C072D6D1B8B0092E435 /* falseButton.png in Resources */,
				1EBF6C082D6D1B8B0092E435 /* carrot.png in Resources */,
				1EBF6C092D6D1B8B0092E435 /* groupedClouds.png in Resources */,
			);
			runOnlyForDeploymentPostprocessing = 0;
		};
		1EBF6B132D6D0B170092E435 /* Resources */ = {
			isa = PBXResourcesBuildPhase;
			buildActionMask = 2147483647;
			files = (
			);
			runOnlyForDeploymentPostprocessing = 0;
		};
		1EBF6B1D2D6D0B170092E435 /* Resources */ = {
			isa = PBXResourcesBuildPhase;
			buildActionMask = 2147483647;
			files = (
			);
			runOnlyForDeploymentPostprocessing = 0;
		};
/* End PBXResourcesBuildPhase section */

/* Begin PBXSourcesBuildPhase section */
		1EBF6AF82D6D0B150092E435 /* Sources */ = {
			isa = PBXSourcesBuildPhase;
			buildActionMask = 2147483647;
			files = (
			);
			runOnlyForDeploymentPostprocessing = 0;
		};
		1EBF6B112D6D0B170092E435 /* Sources */ = {
			isa = PBXSourcesBuildPhase;
			buildActionMask = 2147483647;
			files = (
			);
			runOnlyForDeploymentPostprocessing = 0;
		};
		1EBF6B1B2D6D0B170092E435 /* Sources */ = {
			isa = PBXSourcesBuildPhase;
			buildActionMask = 2147483647;
			files = (
			);
			runOnlyForDeploymentPostprocessing = 0;
		};
/* End PBXSourcesBuildPhase section */

/* Begin PBXTargetDependency section */
		1EBF6B172D6D0B170092E435 /* PBXTargetDependency */ = {
			isa = PBXTargetDependency;
			target = 1EBF6AFB2D6D0B150092E435 /* Calorie Crusher (Challenge 5 - MVP) */;
			targetProxy = 1EBF6B162D6D0B170092E435 /* PBXContainerItemProxy */;
		};
		1EBF6B212D6D0B170092E435 /* PBXTargetDependency */ = {
			isa = PBXTargetDependency;
			target = 1EBF6AFB2D6D0B150092E435 /* Calorie Crusher (Challenge 5 - MVP) */;
			targetProxy = 1EBF6B202D6D0B170092E435 /* PBXContainerItemProxy */;
		};
/* End PBXTargetDependency section */

/* Begin XCBuildConfiguration section */
		1EBF6B272D6D0B170092E435 /* Debug */ = {
			isa = XCBuildConfiguration;
			buildSettings = {
				ALWAYS_SEARCH_USER_PATHS = NO;
				ASSETCATALOG_COMPILER_GENERATE_SWIFT_ASSET_SYMBOL_EXTENSIONS = YES;
				CLANG_ANALYZER_NONNULL = YES;
				CLANG_ANALYZER_NUMBER_OBJECT_CONVERSION = YES_AGGRESSIVE;
				CLANG_CXX_LANGUAGE_STANDARD = "gnu++20";
				CLANG_ENABLE_MODULES = YES;
				CLANG_ENABLE_OBJC_ARC = YES;
				CLANG_ENABLE_OBJC_WEAK = YES;
				CLANG_WARN_BLOCK_CAPTURE_AUTORELEASING = YES;
				CLANG_WARN_BOOL_CONVERSION = YES;
				CLANG_WARN_COMMA = YES;
				CLANG_WARN_CONSTANT_CONVERSION = YES;
				CLANG_WARN_DEPRECATED_OBJC_IMPLEMENTATIONS = YES;
				CLANG_WARN_DIRECT_OBJC_ISA_USAGE = YES_ERROR;
				CLANG_WARN_DOCUMENTATION_COMMENTS = YES;
				CLANG_WARN_EMPTY_BODY = YES;
				CLANG_WARN_ENUM_CONVERSION = YES;
				CLANG_WARN_INFINITE_RECURSION = YES;
				CLANG_WARN_INT_CONVERSION = YES;
				CLANG_WARN_NON_LITERAL_NULL_CONVERSION = YES;
				CLANG_WARN_OBJC_IMPLICIT_RETAIN_SELF = YES;
				CLANG_WARN_OBJC_LITERAL_CONVERSION = YES;
				CLANG_WARN_OBJC_ROOT_CLASS = YES_ERROR;
				CLANG_WARN_QUOTED_INCLUDE_IN_FRAMEWORK_HEADER = YES;
				CLANG_WARN_RANGE_LOOP_ANALYSIS = YES;
				CLANG_WARN_STRICT_PROTOTYPES = YES;
				CLANG_WARN_SUSPICIOUS_MOVE = YES;
				CLANG_WARN_UNGUARDED_AVAILABILITY = YES_AGGRESSIVE;
				CLANG_WARN_UNREACHABLE_CODE = YES;
				CLANG_WARN__DUPLICATE_METHOD_MATCH = YES;
				COPY_PHASE_STRIP = NO;
				DEBUG_INFORMATION_FORMAT = dwarf;
				ENABLE_STRICT_OBJC_MSGSEND = YES;
				ENABLE_TESTABILITY = YES;
				ENABLE_USER_SCRIPT_SANDBOXING = YES;
				GCC_C_LANGUAGE_STANDARD = gnu17;
				GCC_DYNAMIC_NO_PIC = NO;
				GCC_NO_COMMON_BLOCKS = YES;
				GCC_OPTIMIZATION_LEVEL = 0;
				GCC_PREPROCESSOR_DEFINITIONS = (
					"DEBUG=1",
					"$(inherited)",
				);
				GCC_WARN_64_TO_32_BIT_CONVERSION = YES;
				GCC_WARN_ABOUT_RETURN_TYPE = YES_ERROR;
				GCC_WARN_UNDECLARED_SELECTOR = YES;
				GCC_WARN_UNINITIALIZED_AUTOS = YES_AGGRESSIVE;
				GCC_WARN_UNUSED_FUNCTION = YES;
				GCC_WARN_UNUSED_VARIABLE = YES;
				IPHONEOS_DEPLOYMENT_TARGET = 18.2;
				LOCALIZATION_PREFERS_STRING_CATALOGS = YES;
				MTL_ENABLE_DEBUG_INFO = INCLUDE_SOURCE;
				MTL_FAST_MATH = YES;
				ONLY_ACTIVE_ARCH = YES;
				SDKROOT = iphoneos;
				SWIFT_ACTIVE_COMPILATION_CONDITIONS = "DEBUG $(inherited)";
				SWIFT_OPTIMIZATION_LEVEL = "-Onone";
			};
			name = Debug;
		};
		1EBF6B282D6D0B170092E435 /* Release */ = {
			isa = XCBuildConfiguration;
			buildSettings = {
				ALWAYS_SEARCH_USER_PATHS = NO;
				ASSETCATALOG_COMPILER_GENERATE_SWIFT_ASSET_SYMBOL_EXTENSIONS = YES;
				CLANG_ANALYZER_NONNULL = YES;
				CLANG_ANALYZER_NUMBER_OBJECT_CONVERSION = YES_AGGRESSIVE;
				CLANG_CXX_LANGUAGE_STANDARD = "gnu++20";
				CLANG_ENABLE_MODULES = YES;
				CLANG_ENABLE_OBJC_ARC = YES;
				CLANG_ENABLE_OBJC_WEAK = YES;
				CLANG_WARN_BLOCK_CAPTURE_AUTORELEASING = YES;
				CLANG_WARN_BOOL_CONVERSION = YES;
				CLANG_WARN_COMMA = YES;
				CLANG_WARN_CONSTANT_CONVERSION = YES;
				CLANG_WARN_DEPRECATED_OBJC_IMPLEMENTATIONS = YES;
				CLANG_WARN_DIRECT_OBJC_ISA_USAGE = YES_ERROR;
				CLANG_WARN_DOCUMENTATION_COMMENTS = YES;
				CLANG_WARN_EMPTY_BODY = YES;
				CLANG_WARN_ENUM_CONVERSION = YES;
				CLANG_WARN_INFINITE_RECURSION = YES;
				CLANG_WARN_INT_CONVERSION = YES;
				CLANG_WARN_NON_LITERAL_NULL_CONVERSION = YES;
				CLANG_WARN_OBJC_IMPLICIT_RETAIN_SELF = YES;
				CLANG_WARN_OBJC_LITERAL_CONVERSION = YES;
				CLANG_WARN_OBJC_ROOT_CLASS = YES_ERROR;
				CLANG_WARN_QUOTED_INCLUDE_IN_FRAMEWORK_HEADER = YES;
				CLANG_WARN_RANGE_LOOP_ANALYSIS = YES;
				CLANG_WARN_STRICT_PROTOTYPES = YES;
				CLANG_WARN_SUSPICIOUS_MOVE = YES;
				CLANG_WARN_UNGUARDED_AVAILABILITY = YES_AGGRESSIVE;
				CLANG_WARN_UNREACHABLE_CODE = YES;
				CLANG_WARN__DUPLICATE_METHOD_MATCH = YES;
				COPY_PHASE_STRIP = NO;
				DEBUG_INFORMATION_FORMAT = "dwarf-with-dsym";
				ENABLE_NS_ASSERTIONS = NO;
				ENABLE_STRICT_OBJC_MSGSEND = YES;
				ENABLE_USER_SCRIPT_SANDBOXING = YES;
				GCC_C_LANGUAGE_STANDARD = gnu17;
				GCC_NO_COMMON_BLOCKS = YES;
				GCC_WARN_64_TO_32_BIT_CONVERSION = YES;
				GCC_WARN_ABOUT_RETURN_TYPE = YES_ERROR;
				GCC_WARN_UNDECLARED_SELECTOR = YES;
				GCC_WARN_UNINITIALIZED_AUTOS = YES_AGGRESSIVE;
				GCC_WARN_UNUSED_FUNCTION = YES;
				GCC_WARN_UNUSED_VARIABLE = YES;
				IPHONEOS_DEPLOYMENT_TARGET = 18.2;
				LOCALIZATION_PREFERS_STRING_CATALOGS = YES;
				MTL_ENABLE_DEBUG_INFO = NO;
				MTL_FAST_MATH = YES;
				SDKROOT = iphoneos;
				SWIFT_COMPILATION_MODE = wholemodule;
				VALIDATE_PRODUCT = YES;
			};
			name = Release;
		};
		1EBF6B2A2D6D0B170092E435 /* Debug */ = {
			isa = XCBuildConfiguration;
			buildSettings = {
				ASSETCATALOG_COMPILER_APPICON_NAME = AppIcon;
				ASSETCATALOG_COMPILER_GLOBAL_ACCENT_COLOR_NAME = AccentColor;
				CODE_SIGN_STYLE = Automatic;
				CURRENT_PROJECT_VERSION = 1;
				DEVELOPMENT_TEAM = 22PRLCDTWD;
				GENERATE_INFOPLIST_FILE = YES;
				INFOPLIST_KEY_UIApplicationSupportsIndirectInputEvents = YES;
				INFOPLIST_KEY_UILaunchStoryboardName = LaunchScreen;
				INFOPLIST_KEY_UIMainStoryboardFile = Main;
				INFOPLIST_KEY_UIStatusBarHidden = YES;
				INFOPLIST_KEY_UISupportedInterfaceOrientations_iPad = "UIInterfaceOrientationPortrait UIInterfaceOrientationPortraitUpsideDown UIInterfaceOrientationLandscapeLeft UIInterfaceOrientationLandscapeRight";
				INFOPLIST_KEY_UISupportedInterfaceOrientations_iPhone = "UIInterfaceOrientationPortrait UIInterfaceOrientationLandscapeLeft UIInterfaceOrientationLandscapeRight";
				LD_RUNPATH_SEARCH_PATHS = (
					"$(inherited)",
					"@executable_path/Frameworks",
				);
				MARKETING_VERSION = 1.0;
				PRODUCT_BUNDLE_IDENTIFIER = "name.davaughnwilliams.Calorie-Crusher--Challenge-5---MVP-";
				PRODUCT_NAME = "$(TARGET_NAME)";
				SWIFT_EMIT_LOC_STRINGS = YES;
				SWIFT_VERSION = 5.0;
				TARGETED_DEVICE_FAMILY = "1,2";
			};
			name = Debug;
		};
		1EBF6B2B2D6D0B170092E435 /* Release */ = {
			isa = XCBuildConfiguration;
			buildSettings = {
				ASSETCATALOG_COMPILER_APPICON_NAME = AppIcon;
				ASSETCATALOG_COMPILER_GLOBAL_ACCENT_COLOR_NAME = AccentColor;
				CODE_SIGN_STYLE = Automatic;
				CURRENT_PROJECT_VERSION = 1;
				DEVELOPMENT_TEAM = 22PRLCDTWD;
				GENERATE_INFOPLIST_FILE = YES;
				INFOPLIST_KEY_UIApplicationSupportsIndirectInputEvents = YES;
				INFOPLIST_KEY_UILaunchStoryboardName = LaunchScreen;
				INFOPLIST_KEY_UIMainStoryboardFile = Main;
				INFOPLIST_KEY_UIStatusBarHidden = YES;
				INFOPLIST_KEY_UISupportedInterfaceOrientations_iPad = "UIInterfaceOrientationPortrait UIInterfaceOrientationPortraitUpsideDown UIInterfaceOrientationLandscapeLeft UIInterfaceOrientationLandscapeRight";
				INFOPLIST_KEY_UISupportedInterfaceOrientations_iPhone = "UIInterfaceOrientationPortrait UIInterfaceOrientationLandscapeLeft UIInterfaceOrientationLandscapeRight";
				LD_RUNPATH_SEARCH_PATHS = (
					"$(inherited)",
					"@executable_path/Frameworks",
				);
				MARKETING_VERSION = 1.0;
				PRODUCT_BUNDLE_IDENTIFIER = "name.davaughnwilliams.Calorie-Crusher--Challenge-5---MVP-";
				PRODUCT_NAME = "$(TARGET_NAME)";
				SWIFT_EMIT_LOC_STRINGS = YES;
				SWIFT_VERSION = 5.0;
				TARGETED_DEVICE_FAMILY = "1,2";
			};
			name = Release;
		};
		1EBF6B2D2D6D0B170092E435 /* Debug */ = {
			isa = XCBuildConfiguration;
			buildSettings = {
				BUNDLE_LOADER = "$(TEST_HOST)";
				CODE_SIGN_STYLE = Automatic;
				CURRENT_PROJECT_VERSION = 1;
				DEVELOPMENT_TEAM = 22PRLCDTWD;
				GENERATE_INFOPLIST_FILE = YES;
				IPHONEOS_DEPLOYMENT_TARGET = 18.2;
				MARKETING_VERSION = 1.0;
				PRODUCT_BUNDLE_IDENTIFIER = "name.davaughnwilliams.Calorie-Crusher--Challenge-5---MVP-Tests";
				PRODUCT_NAME = "$(TARGET_NAME)";
				SWIFT_EMIT_LOC_STRINGS = NO;
				SWIFT_VERSION = 5.0;
				TARGETED_DEVICE_FAMILY = "1,2";
				TEST_HOST = "$(BUILT_PRODUCTS_DIR)/Calorie Crusher (Challenge 5 - MVP).app/$(BUNDLE_EXECUTABLE_FOLDER_PATH)/Calorie Crusher (Challenge 5 - MVP)";
			};
			name = Debug;
		};
		1EBF6B2E2D6D0B170092E435 /* Release */ = {
			isa = XCBuildConfiguration;
			buildSettings = {
				BUNDLE_LOADER = "$(TEST_HOST)";
				CODE_SIGN_STYLE = Automatic;
				CURRENT_PROJECT_VERSION = 1;
				DEVELOPMENT_TEAM = 22PRLCDTWD;
				GENERATE_INFOPLIST_FILE = YES;
				IPHONEOS_DEPLOYMENT_TARGET = 18.2;
				MARKETING_VERSION = 1.0;
				PRODUCT_BUNDLE_IDENTIFIER = "name.davaughnwilliams.Calorie-Crusher--Challenge-5---MVP-Tests";
				PRODUCT_NAME = "$(TARGET_NAME)";
				SWIFT_EMIT_LOC_STRINGS = NO;
				SWIFT_VERSION = 5.0;
				TARGETED_DEVICE_FAMILY = "1,2";
				TEST_HOST = "$(BUILT_PRODUCTS_DIR)/Calorie Crusher (Challenge 5 - MVP).app/$(BUNDLE_EXECUTABLE_FOLDER_PATH)/Calorie Crusher (Challenge 5 - MVP)";
			};
			name = Release;
		};
		1EBF6B302D6D0B170092E435 /* Debug */ = {
			isa = XCBuildConfiguration;
			buildSettings = {
				CODE_SIGN_STYLE = Automatic;
				CURRENT_PROJECT_VERSION = 1;
				DEVELOPMENT_TEAM = 22PRLCDTWD;
				GENERATE_INFOPLIST_FILE = YES;
				MARKETING_VERSION = 1.0;
				PRODUCT_BUNDLE_IDENTIFIER = "name.davaughnwilliams.Calorie-Crusher--Challenge-5---MVP-UITests";
				PRODUCT_NAME = "$(TARGET_NAME)";
				SWIFT_EMIT_LOC_STRINGS = NO;
				SWIFT_VERSION = 5.0;
				TARGETED_DEVICE_FAMILY = "1,2";
				TEST_TARGET_NAME = "Calorie Crusher (Challenge 5 - MVP)";
			};
			name = Debug;
		};
		1EBF6B312D6D0B170092E435 /* Release */ = {
			isa = XCBuildConfiguration;
			buildSettings = {
				CODE_SIGN_STYLE = Automatic;
				CURRENT_PROJECT_VERSION = 1;
				DEVELOPMENT_TEAM = 22PRLCDTWD;
				GENERATE_INFOPLIST_FILE = YES;
				MARKETING_VERSION = 1.0;
				PRODUCT_BUNDLE_IDENTIFIER = "name.davaughnwilliams.Calorie-Crusher--Challenge-5---MVP-UITests";
				PRODUCT_NAME = "$(TARGET_NAME)";
				SWIFT_EMIT_LOC_STRINGS = NO;
				SWIFT_VERSION = 5.0;
				TARGETED_DEVICE_FAMILY = "1,2";
				TEST_TARGET_NAME = "Calorie Crusher (Challenge 5 - MVP)";
			};
			name = Release;
		};
/* End XCBuildConfiguration section */

/* Begin XCConfigurationList section */
		1EBF6AF72D6D0B150092E435 /* Build configuration list for PBXProject "Calorie Crusher (Challenge 5 - MVP)" */ = {
			isa = XCConfigurationList;
			buildConfigurations = (
				1EBF6B272D6D0B170092E435 /* Debug */,
				1EBF6B282D6D0B170092E435 /* Release */,
			);
			defaultConfigurationIsVisible = 0;
			defaultConfigurationName = Release;
		};
		1EBF6B292D6D0B170092E435 /* Build configuration list for PBXNativeTarget "Calorie Crusher (Challenge 5 - MVP)" */ = {
			isa = XCConfigurationList;
			buildConfigurations = (
				1EBF6B2A2D6D0B170092E435 /* Debug */,
				1EBF6B2B2D6D0B170092E435 /* Release */,
			);
			defaultConfigurationIsVisible = 0;
			defaultConfigurationName = Release;
		};
		1EBF6B2C2D6D0B170092E435 /* Build configuration list for PBXNativeTarget "Calorie Crusher (Challenge 5 - MVP)Tests" */ = {
			isa = XCConfigurationList;
			buildConfigurations = (
				1EBF6B2D2D6D0B170092E435 /* Debug */,
				1EBF6B2E2D6D0B170092E435 /* Release */,
			);
			defaultConfigurationIsVisible = 0;
			defaultConfigurationName = Release;
		};
		1EBF6B2F2D6D0B170092E435 /* Build configuration list for PBXNativeTarget "Calorie Crusher (Challenge 5 - MVP)UITests" */ = {
			isa = XCConfigurationList;
			buildConfigurations = (
				1EBF6B302D6D0B170092E435 /* Debug */,
				1EBF6B312D6D0B170092E435 /* Release */,
			);
			defaultConfigurationIsVisible = 0;
			defaultConfigurationName = Release;
		};
/* End XCConfigurationList section */
	};
	rootObject = 1EBF6AF42D6D0B150092E435 /* Project object */;
}
